
Microsoft Visual Studio Solution File, Format Version 12.00
# Visual Studio Version 16
VisualStudioVersion = 16.0.30804.86
MinimumVisualStudioVersion = 10.0.40219.1
Project("{9A19103F-16F7-4668-BE54-9A1E7A4F7556}") = "ServerInfo", "ServerInfo\ServerInfo.csproj", "{89676D8A-890E-4008-80FB-5CB40E55843D}"
EndProject
Global
	GlobalSection(SolutionConfigurationPlatforms) = preSolution
		Debug|Any CPU = Debug|Any CPU
		Release|Any CPU = Release|Any CPU
	EndGlobalSection
	GlobalSection(ProjectConfigurationPlatforms) = postSolution
		{89676D8A-890E-4008-80FB-5CB40E55843D}.Debug|Any CPU.ActiveCfg = Debug|Any CPU
		{89676D8A-890E-4008-80FB-5CB40E55843D}.Debug|Any CPU.Build.0 = Debug|Any CPU
		{89676D8A-890E-4008-80FB-5CB40E55843D}.Release|Any CPU.ActiveCfg = Release|Any CPU
		{89676D8A-890E-4008-80FB-5CB40E55843D}.Release|Any CPU.Build.0 = Release|Any CPU
	EndGlobalSection
	GlobalSection(SolutionProperties) = preSolution
		HideSolutionNode = FALSE
	EndGlobalSection
	GlobalSection(ExtensibilityGlobals) = postSolution
		SolutionGuid = {CB061277-DE4E-45E2-A3F1-C35A6F3C80EA}
	EndGlobalSection
EndGlobal
